
Microsoft Visual Studio Solution File, Format Version 12.00
# Visual Studio 2012
Project("{FAE04EC0-301F-11D3-BF4B-00C04F79EFBC}") = "1stVer", "1stVer\1stVer.csproj", "{FEF1DF40-3BB3-4CC3-893B-274EB7C936BB}"
EndProject
Global
	GlobalSection(SolutionConfigurationPlatforms) = preSolution
		Debug|Any CPU = Debug|Any CPU
		Release|Any CPU = Release|Any CPU
	EndGlobalSection
	GlobalSection(ProjectConfigurationPlatforms) = postSolution
		{FEF1DF40-3BB3-4CC3-893B-274EB7C936BB}.Debug|Any CPU.ActiveCfg = Debug|Any CPU
		{FEF1DF40-3BB3-4CC3-893B-274EB7C936BB}.Debug|Any CPU.Build.0 = Debug|Any CPU
		{FEF1DF40-3BB3-4CC3-893B-274EB7C936BB}.Release|Any CPU.ActiveCfg = Release|Any CPU
		{FEF1DF40-3BB3-4CC3-893B-274EB7C936BB}.Release|Any CPU.Build.0 = Release|Any CPU
	EndGlobalSection
	GlobalSection(SolutionProperties) = preSolution
		HideSolutionNode = FALSE
	EndGlobalSection
EndGlobal
